
Microsoft Visual Studio Solution File, Format Version 12.00
# Visual Studio Version 17
VisualStudioVersion = 17.3.32819.101
MinimumVisualStudioVersion = 10.0.40219.1
Project("{FAE04EC0-301F-11D3-BF4B-00C04F79EFBC}") = "Lab2.1", "Lab2.1\Lab2.1.csproj", "{3240567D-1C5B-4866-8047-5A1C438B3F49}"
EndProject
Project("{FAE04EC0-301F-11D3-BF4B-00C04F79EFBC}") = "Lab2.2", "Lab2.2\Lab2.2.csproj", "{BFD6F9BE-73A0-4702-AB75-B5DE3C441DD8}"
EndProject
Project("{FAE04EC0-301F-11D3-BF4B-00C04F79EFBC}") = "Lab 2.3", "Lab 2.3\Lab 2.3.csproj", "{74C0EF5C-881B-440C-83B0-B677D74377D6}"
EndProject
Project("{FAE04EC0-301F-11D3-BF4B-00C04F79EFBC}") = "Lab 2.4", "Lab 2.4\Lab 2.4.csproj", "{D14F8970-0F37-477F-BA0B-9DE13B1DC359}"
EndProject
Global
	GlobalSection(SolutionConfigurationPlatforms) = preSolution
		Debug|Any CPU = Debug|Any CPU
		Release|Any CPU = Release|Any CPU
	EndGlobalSection
	GlobalSection(ProjectConfigurationPlatforms) = postSolution
		{3240567D-1C5B-4866-8047-5A1C438B3F49}.Debug|Any CPU.ActiveCfg = Debug|Any CPU
		{3240567D-1C5B-4866-8047-5A1C438B3F49}.Debug|Any CPU.Build.0 = Debug|Any CPU
		{3240567D-1C5B-4866-8047-5A1C438B3F49}.Release|Any CPU.ActiveCfg = Release|Any CPU
		{3240567D-1C5B-4866-8047-5A1C438B3F49}.Release|Any CPU.Build.0 = Release|Any CPU
		{BFD6F9BE-73A0-4702-AB75-B5DE3C441DD8}.Debug|Any CPU.ActiveCfg = Debug|Any CPU
		{BFD6F9BE-73A0-4702-AB75-B5DE3C441DD8}.Debug|Any CPU.Build.0 = Debug|Any CPU
		{BFD6F9BE-73A0-4702-AB75-B5DE3C441DD8}.Release|Any CPU.ActiveCfg = Release|Any CPU
		{BFD6F9BE-73A0-4702-AB75-B5DE3C441DD8}.Release|Any CPU.Build.0 = Release|Any CPU
		{74C0EF5C-881B-440C-83B0-B677D74377D6}.Debug|Any CPU.ActiveCfg = Debug|Any CPU
		{74C0EF5C-881B-440C-83B0-B677D74377D6}.Debug|Any CPU.Build.0 = Debug|Any CPU
		{74C0EF5C-881B-440C-83B0-B677D74377D6}.Release|Any CPU.ActiveCfg = Release|Any CPU
		{74C0EF5C-881B-440C-83B0-B677D74377D6}.Release|Any CPU.Build.0 = Release|Any CPU
		{D14F8970-0F37-477F-BA0B-9DE13B1DC359}.Debug|Any CPU.ActiveCfg = Debug|Any CPU
		{D14F8970-0F37-477F-BA0B-9DE13B1DC359}.Debug|Any CPU.Build.0 = Debug|Any CPU
		{D14F8970-0F37-477F-BA0B-9DE13B1DC359}.Release|Any CPU.ActiveCfg = Release|Any CPU
		{D14F8970-0F37-477F-BA0B-9DE13B1DC359}.Release|Any CPU.Build.0 = Release|Any CPU
	EndGlobalSection
	GlobalSection(SolutionProperties) = preSolution
		HideSolutionNode = FALSE
	EndGlobalSection
	GlobalSection(ExtensibilityGlobals) = postSolution
		SolutionGuid = {BFCFF4F5-9E30-41E6-ADE4-FAD86F5EF87B}
	EndGlobalSection
EndGlobal
